{
  "name": "100-nextjs-snippets",
  "version": "0.0.2",
  "lockfileVersion": 3,
  "requires": true,
  "packages": {
    "": {
      "name": "100-nextjs-snippets",
      "version": "0.0.2",
      "license": "MIT",
      "dependencies": {
        "100-nextjs-snippets": "file:"
      },
      "engines": {
        "vscode": "^1.93.0"
      }
    },
    "node_modules/100-nextjs-snippets": {
      "resolved": "",
      "link": true
    }
  }
}
